<?xml version="1.0" encoding="utf-8"?>
<Project ToolsVersion="4.0" xmlns="http://schemas.microsoft.com/developer/msbuild/2003">
  <ItemGroup>
    <Filter Include="Source Files">
      <UniqueIdentifier>{4FC737F1-C7A5-4376-A066-2A32D752A2FF}</UniqueIdentifier>
      <Extensions>cpp;c;cc;cxx;def;odl;idl;hpj;bat;asm;asmx</Extensions>
    </Filter>
    <Filter Include="Header Files">
      <UniqueIdentifier>{93995380-89BD-4b04-88EB-625FBE52EBFB}</UniqueIdentifier>
      <Extensions>h;hh;hpp;hxx;hm;inl;inc;xsd</Extensions>
    </Filter>
    <Filter Include="Resource Files">
      <UniqueIdentifier>{67DA6AB6-F800-4c08-8B7A-83BB121AAD01}</UniqueIdentifier>
      <Extensions>rc;ico;cur;bmp;dlg;rc2;rct;bin;rgs;gif;jpg;jpeg;jpe;resx;tiff;tif;png;wav;mfcribbon-ms</Extensions>
    </Filter>
    <Filter Include="Source Files\Algorithms/Warmup">
      <UniqueIdentifier>{7e38959a-3804-422f-9e6f-ab93b6c210d5}</UniqueIdentifier>
    </Filter>
    <Filter Include="Source Files\Algorithms/Sorting">
      <UniqueIdentifier>{d8381e91-7ab5-478b-bf82-3320ed160829}</UniqueIdentifier>
    </Filter>
    <Filter Include="Source Files\Algorithms/Search">
      <UniqueIdentifier>{266eb936-fb2f-4d3d-b4c0-2395cd35aaee}</UniqueIdentifier>
    </Filter>
  </ItemGroup>
  <ItemGroup>
    <ClCompile Include="MaximizingXOR.cpp">
      <Filter>Source Files</Filter>
    </ClCompile>
    <ClCompile Include="VolleyballMatch.cpp">
      <Filter>Source Files</Filter>
    </ClCompile>
    <ClCompile Include="PSequences.cpp">
      <Filter>Source Files</Filter>
    </ClCompile>
    <ClCompile Include="Pairs.cpp">
      <Filter>Source Files\Algorithms/Search</Filter>
    </ClCompile>
    <ClCompile Include="Randomness_SuffixArray.cpp">
      <Filter>Source Files</Filter>
    </ClCompile>
    <ClCompile Include="Challenges\Algorithms\Warmup\AngryChildren.cpp">
      <Filter>Source Files\Algorithms/Warmup</Filter>
    </ClCompile>
    <ClCompile Include="Challenges\Algorithms\Warmup\ChocolateFeast.cpp">
      <Filter>Source Files\Algorithms/Warmup</Filter>
    </ClCompile>
    <ClCompile Include="Challenges\Algorithms\Warmup\FillingJars.cpp">
      <Filter>Source Files\Algorithms/Warmup</Filter>
    </ClCompile>
    <ClCompile Include="Challenges\Algorithms\Warmup\IsFibo.cpp">
      <Filter>Source Files\Algorithms/Warmup</Filter>
    </ClCompile>
    <ClCompile Include="Challenges\Algorithms\Warmup\ServiceLane.cpp">
      <Filter>Source Files\Algorithms/Warmup</Filter>
    </ClCompile>
    <ClCompile Include="Challenges\Algorithms\Warmup\SherlockandTheBeast.cpp">
      <Filter>Source Files\Algorithms/Warmup</Filter>
    </ClCompile>
    <ClCompile Include="Challenges\Algorithms\Warmup\UtopianTree.cpp">
      <Filter>Source Files\Algorithms/Warmup</Filter>
    </ClCompile>
    <ClCompile Include="Challenges\Algorithms\Sorting\correctness-invariant.cpp">
      <Filter>Source Files\Algorithms/Sorting</Filter>
    </ClCompile>
    <ClCompile Include="Challenges\Algorithms\Sorting\countingsort1.cpp">
      <Filter>Source Files\Algorithms/Sorting</Filter>
    </ClCompile>
    <ClCompile Include="Challenges\Algorithms\Sorting\countingsort2.cpp">
      <Filter>Source Files\Algorithms/Sorting</Filter>
    </ClCompile>
    <ClCompile Include="Challenges\Algorithms\Sorting\countingsort3.cpp">
      <Filter>Source Files\Algorithms/Sorting</Filter>
    </ClCompile>
    <ClCompile Include="Challenges\Algorithms\Sorting\insertionsort2.cpp">
      <Filter>Source Files\Algorithms/Sorting</Filter>
    </ClCompile>
    <ClCompile Include="Challenges\Algorithms\Sorting\runningtime.cpp">
      <Filter>Source Files\Algorithms/Sorting</Filter>
    </ClCompile>
    <ClCompile Include="Challenges\Algorithms\Sorting\tutorial-intro.cpp">
      <Filter>Source Files\Algorithms/Sorting</Filter>
    </ClCompile>
    <ClCompile Include="Challenges\Algorithms\Sorting\two-arrays.cpp">
      <Filter>Source Files\Algorithms/Sorting</Filter>
    </ClCompile>
    <ClCompile Include="Challenges\Algorithms\Sorting\quicksort1.cpp">
      <Filter>Source Files\Algorithms/Sorting</Filter>
    </ClCompile>
    <ClCompile Include="Challenges\Algorithms\Sorting\quicksort2.cpp">
      <Filter>Source Files\Algorithms/Sorting</Filter>
    </ClCompile>
    <ClCompile Include="Challenges\Algorithms\Sorting\mark-and-toys.cpp">
      <Filter>Source Files\Algorithms/Sorting</Filter>
    </ClCompile>
    <ClCompile Include="Challenges\Algorithms\Sorting\quicksort4.cpp">
      <Filter>Source Files\Algorithms/Sorting</Filter>
    </ClCompile>
    <ClCompile Include="Challenges\Algorithms\Sorting\insertionsort1.cpp">
      <Filter>Source Files\Algorithms/Sorting</Filter>
    </ClCompile>
    <ClCompile Include="Challenges\Algorithms\Sorting\countingsort4.cpp">
      <Filter>Source Files\Algorithms/Sorting</Filter>
    </ClCompile>
    <ClCompile Include="insertion-sort.cpp">
      <Filter>Source Files\Algorithms/Sorting</Filter>
    </ClCompile>
  </ItemGroup>
</Project>