<?xml version="1.0" encoding="utf-8"?>
<Project ToolsVersion="4.0" xmlns="http://schemas.microsoft.com/developer/msbuild/2003">
  <ItemGroup>
    <Filter Include="Source Files">
      <UniqueIdentifier>{4FC737F1-C7A5-4376-A066-2A32D752A2FF}</UniqueIdentifier>
      <Extensions>cpp;c;cc;cxx;def;odl;idl;hpj;bat;asm;asmx</Extensions>
    </Filter>
    <Filter Include="Header Files">
      <UniqueIdentifier>{93995380-89BD-4b04-88EB-625FBE52EBFB}</UniqueIdentifier>
      <Extensions>h;hh;hpp;hxx;hm;inl;inc;xsd</Extensions>
    </Filter>
    <Filter Include="Resource Files">
      <UniqueIdentifier>{67DA6AB6-F800-4c08-8B7A-83BB121AAD01}</UniqueIdentifier>
      <Extensions>rc;ico;cur;bmp;dlg;rc2;rct;bin;rgs;gif;jpg;jpeg;jpe;resx;tiff;tif;png;wav;mfcribbon-ms</Extensions>
    </Filter>
    <Filter Include="Source Files\Contests">
      <UniqueIdentifier>{c4b97046-8fd2-4260-9016-65df3f3cd201}</UniqueIdentifier>
    </Filter>
    <Filter Include="Source Files\Challenges">
      <UniqueIdentifier>{8329b4a3-be91-45e0-8c38-ae821bf9dd6a}</UniqueIdentifier>
    </Filter>
    <Filter Include="Source Files\Challenges\Algorithms">
      <UniqueIdentifier>{f247165b-ff95-4281-b77c-b96fa7b4c17f}</UniqueIdentifier>
    </Filter>
    <Filter Include="Source Files\Challenges\Algorithms\Search">
      <UniqueIdentifier>{d025887b-2f68-4479-b29d-c4f13ca0e1bd}</UniqueIdentifier>
    </Filter>
    <Filter Include="Source Files\Challenges\Algorithms\Warmup">
      <UniqueIdentifier>{fda6cb80-ef7a-40a9-9718-976e0fbfafbc}</UniqueIdentifier>
    </Filter>
    <Filter Include="Source Files\Contests\Weekly Challenges">
      <UniqueIdentifier>{3b44583e-a8e8-48de-97e3-dc4391a4f64e}</UniqueIdentifier>
    </Filter>
    <Filter Include="Source Files\Contests\Weekly Challenges\Week 1">
      <UniqueIdentifier>{24c65ae8-2a7d-4900-a7c2-9c12e6827c27}</UniqueIdentifier>
    </Filter>
    <Filter Include="Source Files\Contests\Weekly Challenges\Week 2">
      <UniqueIdentifier>{aa07b970-f5cb-421b-bb08-001f49e1129e}</UniqueIdentifier>
    </Filter>
    <Filter Include="Source Files\Challenges\Algorithms\Arrays and Sorting">
      <UniqueIdentifier>{0135db00-517b-451a-ad87-68e467048455}</UniqueIdentifier>
    </Filter>
  </ItemGroup>
  <ItemGroup>
    <ClCompile Include="Challenges\Algorithms\Warmup\AngryChildren.cpp">
      <Filter>Source Files\Challenges\Algorithms\Warmup</Filter>
    </ClCompile>
    <ClCompile Include="Challenges\Algorithms\Warmup\ChocolateFeast.cpp">
      <Filter>Source Files\Challenges\Algorithms\Warmup</Filter>
    </ClCompile>
    <ClCompile Include="Challenges\Algorithms\Warmup\FillingJars.cpp">
      <Filter>Source Files\Challenges\Algorithms\Warmup</Filter>
    </ClCompile>
    <ClCompile Include="Challenges\Algorithms\Warmup\IsFibo.cpp">
      <Filter>Source Files\Challenges\Algorithms\Warmup</Filter>
    </ClCompile>
    <ClCompile Include="Challenges\Algorithms\Warmup\ServiceLane.cpp">
      <Filter>Source Files\Challenges\Algorithms\Warmup</Filter>
    </ClCompile>
    <ClCompile Include="Challenges\Algorithms\Warmup\SherlockandTheBeast.cpp">
      <Filter>Source Files\Challenges\Algorithms\Warmup</Filter>
    </ClCompile>
    <ClCompile Include="Challenges\Algorithms\Warmup\UtopianTree.cpp">
      <Filter>Source Files\Challenges\Algorithms\Warmup</Filter>
    </ClCompile>
    <ClCompile Include="Challenges\Algorithms\Search\pairs.cpp">
      <Filter>Source Files\Challenges\Algorithms\Search</Filter>
    </ClCompile>
    <ClCompile Include="Challenges\Algorithms\Search\flowers.cpp">
      <Filter>Source Files\Challenges\Algorithms\Search</Filter>
    </ClCompile>
    <ClCompile Include="Challenges\Algorithms\Search\lonely-integer.cpp">
      <Filter>Source Files\Challenges\Algorithms\Search</Filter>
    </ClCompile>
    <ClCompile Include="Challenges\Algorithms\Search\closest-numbers.cpp">
      <Filter>Source Files\Challenges\Algorithms\Search</Filter>
    </ClCompile>
    <ClCompile Include="Challenges\Algorithms\Search\encryption.cpp">
      <Filter>Source Files\Challenges\Algorithms\Search</Filter>
    </ClCompile>
    <ClCompile Include="Challenges\Algorithms\Search\find-median.cpp">
      <Filter>Source Files\Challenges\Algorithms\Search</Filter>
    </ClCompile>
    <ClCompile Include="Challenges\Algorithms\Search\missing-numbers.cpp">
      <Filter>Source Files\Challenges\Algorithms\Search</Filter>
    </ClCompile>
    <ClCompile Include="Challenges\Algorithms\Search\coin-on-the-table.cpp">
      <Filter>Source Files\Challenges\Algorithms\Search</Filter>
    </ClCompile>
    <ClCompile Include="Contests\Weekly Challenges\Week 1\bst-maintenance.cpp">
      <Filter>Source Files\Contests\Weekly Challenges\Week 1</Filter>
    </ClCompile>
    <ClCompile Include="Contests\Weekly Challenges\Week 1\maximizing-xor.cpp">
      <Filter>Source Files\Contests\Weekly Challenges\Week 1</Filter>
    </ClCompile>
    <ClCompile Include="Contests\Weekly Challenges\Week 1\p-sequences.cpp">
      <Filter>Source Files\Contests\Weekly Challenges\Week 1</Filter>
    </ClCompile>
    <ClCompile Include="Contests\Weekly Challenges\Week 1\randomness.cpp">
      <Filter>Source Files\Contests\Weekly Challenges\Week 1</Filter>
    </ClCompile>
    <ClCompile Include="Contests\Weekly Challenges\Week 1\randomness_partial.cpp">
      <Filter>Source Files\Contests\Weekly Challenges\Week 1</Filter>
    </ClCompile>
    <ClCompile Include="Contests\Weekly Challenges\Week 1\volleyball-match.cpp">
      <Filter>Source Files\Contests\Weekly Challenges\Week 1</Filter>
    </ClCompile>
    <ClCompile Include="Contests\Weekly Challenges\Week 2\cut-the-tree.cpp">
      <Filter>Source Files\Contests\Weekly Challenges\Week 2</Filter>
    </ClCompile>
    <ClCompile Include="Contests\Weekly Challenges\Week 2\manasa-and-stones.cpp">
      <Filter>Source Files\Contests\Weekly Challenges\Week 2</Filter>
    </ClCompile>
    <ClCompile Include="Contests\Weekly Challenges\Week 2\huarongdao.cpp">
      <Filter>Source Files\Contests\Weekly Challenges\Week 2</Filter>
    </ClCompile>
    <ClCompile Include="Challenges\Algorithms\Arrays and Sorting\correctness-invariant.cpp">
      <Filter>Source Files\Challenges\Algorithms\Arrays and Sorting</Filter>
    </ClCompile>
    <ClCompile Include="Challenges\Algorithms\Arrays and Sorting\countingsort1.cpp">
      <Filter>Source Files\Challenges\Algorithms\Arrays and Sorting</Filter>
    </ClCompile>
    <ClCompile Include="Challenges\Algorithms\Arrays and Sorting\countingsort2.cpp">
      <Filter>Source Files\Challenges\Algorithms\Arrays and Sorting</Filter>
    </ClCompile>
    <ClCompile Include="Challenges\Algorithms\Arrays and Sorting\countingsort3.cpp">
      <Filter>Source Files\Challenges\Algorithms\Arrays and Sorting</Filter>
    </ClCompile>
    <ClCompile Include="Challenges\Algorithms\Arrays and Sorting\countingsort4.cpp">
      <Filter>Source Files\Challenges\Algorithms\Arrays and Sorting</Filter>
    </ClCompile>
    <ClCompile Include="Challenges\Algorithms\Arrays and Sorting\insertion-sort.cpp">
      <Filter>Source Files\Challenges\Algorithms\Arrays and Sorting</Filter>
    </ClCompile>
    <ClCompile Include="Challenges\Algorithms\Arrays and Sorting\insertionsort1.cpp">
      <Filter>Source Files\Challenges\Algorithms\Arrays and Sorting</Filter>
    </ClCompile>
    <ClCompile Include="Challenges\Algorithms\Arrays and Sorting\insertionsort2.cpp">
      <Filter>Source Files\Challenges\Algorithms\Arrays and Sorting</Filter>
    </ClCompile>
    <ClCompile Include="Challenges\Algorithms\Arrays and Sorting\mark-and-toys.cpp">
      <Filter>Source Files\Challenges\Algorithms\Arrays and Sorting</Filter>
    </ClCompile>
    <ClCompile Include="Challenges\Algorithms\Arrays and Sorting\quicksort1.cpp">
      <Filter>Source Files\Challenges\Algorithms\Arrays and Sorting</Filter>
    </ClCompile>
    <ClCompile Include="Challenges\Algorithms\Arrays and Sorting\quicksort2.cpp">
      <Filter>Source Files\Challenges\Algorithms\Arrays and Sorting</Filter>
    </ClCompile>
    <ClCompile Include="Challenges\Algorithms\Arrays and Sorting\quicksort4.cpp">
      <Filter>Source Files\Challenges\Algorithms\Arrays and Sorting</Filter>
    </ClCompile>
    <ClCompile Include="Challenges\Algorithms\Arrays and Sorting\runningtime.cpp">
      <Filter>Source Files\Challenges\Algorithms\Arrays and Sorting</Filter>
    </ClCompile>
    <ClCompile Include="Challenges\Algorithms\Arrays and Sorting\tutorial-intro.cpp">
      <Filter>Source Files\Challenges\Algorithms\Arrays and Sorting</Filter>
    </ClCompile>
    <ClCompile Include="Challenges\Algorithms\Arrays and Sorting\two-arrays.cpp">
      <Filter>Source Files\Challenges\Algorithms\Arrays and Sorting</Filter>
    </ClCompile>
    <ClCompile Include="Challenges\Algorithms\Warmup\gem-stones.cpp">
      <Filter>Source Files\Challenges\Algorithms\Warmup</Filter>
    </ClCompile>
    <ClCompile Include="Challenges\Algorithms\Arrays and Sorting\game-of-rotation.cpp">
      <Filter>Source Files\Challenges\Algorithms\Arrays and Sorting</Filter>
    </ClCompile>
  </ItemGroup>
  <ItemGroup>
    <None Include="README.md">
      <Filter>Source Files</Filter>
    </None>
    <None Include="Challenges\Algorithms\Search\pairs.md">
      <Filter>Source Files\Challenges\Algorithms\Search</Filter>
    </None>
    <None Include="Challenges\Algorithms\Search\flowers.md">
      <Filter>Source Files\Challenges\Algorithms\Search</Filter>
    </None>
  </ItemGroup>
</Project>