<?xml version="1.0" encoding="utf-8"?>
<Project ToolsVersion="4.0" xmlns="http://schemas.microsoft.com/developer/msbuild/2003">
  <ItemGroup>
    <Filter Include="Source Files">
      <UniqueIdentifier>{4FC737F1-C7A5-4376-A066-2A32D752A2FF}</UniqueIdentifier>
      <Extensions>cpp;c;cc;cxx;def;odl;idl;hpj;bat;asm;asmx</Extensions>
    </Filter>
    <Filter Include="Header Files">
      <UniqueIdentifier>{93995380-89BD-4b04-88EB-625FBE52EBFB}</UniqueIdentifier>
      <Extensions>h;hh;hpp;hxx;hm;inl;inc;xsd</Extensions>
    </Filter>
    <Filter Include="Resource Files">
      <UniqueIdentifier>{67DA6AB6-F800-4c08-8B7A-83BB121AAD01}</UniqueIdentifier>
      <Extensions>rc;ico;cur;bmp;dlg;rc2;rct;bin;rgs;gif;jpg;jpeg;jpe;resx;tiff;tif;png;wav;mfcribbon-ms</Extensions>
    </Filter>
  </ItemGroup>
  <ItemGroup>
    <None Include="README.md">
      <Filter>Source Files</Filter>
    </None>
    <None Include="encryption.md">
      <Filter>Source Files</Filter>
    </None>
    <None Include="flowers.md">
      <Filter>Source Files</Filter>
    </None>
    <None Include="pairs.md">
      <Filter>Source Files</Filter>
    </None>
    <None Include="triplets.md">
      <Filter>Source Files</Filter>
    </None>
  </ItemGroup>
  <ItemGroup>
    <ClCompile Include="basic-cryptanalysis.cpp">
      <Filter>Source Files</Filter>
    </ClCompile>
    <ClCompile Include="bst-maintenance.cpp">
      <Filter>Source Files</Filter>
    </ClCompile>
    <ClCompile Include="building-a-list.cpp">
      <Filter>Source Files</Filter>
    </ClCompile>
    <ClCompile Include="closest-numbers.cpp">
      <Filter>Source Files</Filter>
    </ClCompile>
    <ClCompile Include="coinage.cpp">
      <Filter>Source Files</Filter>
    </ClCompile>
    <ClCompile Include="coin-on-the-table.cpp">
      <Filter>Source Files</Filter>
    </ClCompile>
    <ClCompile Include="connecting-towns.cpp">
      <Filter>Source Files</Filter>
    </ClCompile>
    <ClCompile Include="correctness-invariant.cpp">
      <Filter>Source Files</Filter>
    </ClCompile>
    <ClCompile Include="countingsort1.cpp">
      <Filter>Source Files</Filter>
    </ClCompile>
    <ClCompile Include="countingsort2.cpp">
      <Filter>Source Files</Filter>
    </ClCompile>
    <ClCompile Include="countingsort3.cpp">
      <Filter>Source Files</Filter>
    </ClCompile>
    <ClCompile Include="countingsort4.cpp">
      <Filter>Source Files</Filter>
    </ClCompile>
    <ClCompile Include="cut-the-tree.cpp">
      <Filter>Source Files</Filter>
    </ClCompile>
    <ClCompile Include="diwali-lights.cpp">
      <Filter>Source Files</Filter>
    </ClCompile>
    <ClCompile Include="encryption.cpp">
      <Filter>Source Files</Filter>
    </ClCompile>
    <ClCompile Include="find-median.cpp">
      <Filter>Source Files</Filter>
    </ClCompile>
    <ClCompile Include="flowers.cpp">
      <Filter>Source Files</Filter>
    </ClCompile>
    <ClCompile Include="game-of-rotation.cpp">
      <Filter>Source Files</Filter>
    </ClCompile>
    <ClCompile Include="gcd-product.cpp">
      <Filter>Source Files</Filter>
    </ClCompile>
    <ClCompile Include="gem-stones.cpp">
      <Filter>Source Files</Filter>
    </ClCompile>
    <ClCompile Include="half.cpp">
      <Filter>Source Files</Filter>
    </ClCompile>
    <ClCompile Include="handshake.cpp">
      <Filter>Source Files</Filter>
    </ClCompile>
    <ClCompile Include="huarongdao.cpp">
      <Filter>Source Files</Filter>
    </ClCompile>
    <ClCompile Include="insertion-sort.cpp">
      <Filter>Source Files</Filter>
    </ClCompile>
    <ClCompile Include="insertionsort1.cpp">
      <Filter>Source Files</Filter>
    </ClCompile>
    <ClCompile Include="insertionsort2.cpp">
      <Filter>Source Files</Filter>
    </ClCompile>
    <ClCompile Include="k-candy-store.cpp">
      <Filter>Source Files</Filter>
    </ClCompile>
    <ClCompile Include="keyword-transposition-cipher.cpp">
      <Filter>Source Files</Filter>
    </ClCompile>
    <ClCompile Include="lonely-integer.cpp">
      <Filter>Source Files</Filter>
    </ClCompile>
    <ClCompile Include="manasa-and-stones.cpp">
      <Filter>Source Files</Filter>
    </ClCompile>
    <ClCompile Include="mark-and-toys.cpp">
      <Filter>Source Files</Filter>
    </ClCompile>
    <ClCompile Include="maximizing-xor.cpp">
      <Filter>Source Files</Filter>
    </ClCompile>
    <ClCompile Include="minimum-draws.cpp">
      <Filter>Source Files</Filter>
    </ClCompile>
    <ClCompile Include="missing-numbers.cpp">
      <Filter>Source Files</Filter>
    </ClCompile>
    <ClCompile Include="ncr-table.cpp">
      <Filter>Source Files</Filter>
    </ClCompile>
    <ClCompile Include="pairs.cpp">
      <Filter>Source Files</Filter>
    </ClCompile>
    <ClCompile Include="prime-sum.cpp">
      <Filter>Source Files</Filter>
    </ClCompile>
    <ClCompile Include="p-sequences.cpp">
      <Filter>Source Files</Filter>
    </ClCompile>
    <ClCompile Include="quicksort1.cpp">
      <Filter>Source Files</Filter>
    </ClCompile>
    <ClCompile Include="quicksort2.cpp">
      <Filter>Source Files</Filter>
    </ClCompile>
    <ClCompile Include="quicksort4.cpp">
      <Filter>Source Files</Filter>
    </ClCompile>
    <ClCompile Include="randomness.cpp">
      <Filter>Source Files</Filter>
    </ClCompile>
    <ClCompile Include="randomness_partial.cpp">
      <Filter>Source Files</Filter>
    </ClCompile>
    <ClCompile Include="road-network.cpp">
      <Filter>Source Files</Filter>
    </ClCompile>
    <ClCompile Include="runningtime.cpp">
      <Filter>Source Files</Filter>
    </ClCompile>
    <ClCompile Include="sam-and-substrings.cpp">
      <Filter>Source Files</Filter>
    </ClCompile>
    <ClCompile Include="sherlock-and-array.cpp">
      <Filter>Source Files</Filter>
    </ClCompile>
    <ClCompile Include="sherlock-and-cost.cpp">
      <Filter>Source Files</Filter>
    </ClCompile>
    <ClCompile Include="sherlock-and-minimax.cpp">
      <Filter>Source Files</Filter>
    </ClCompile>
    <ClCompile Include="the-love-letter-mystery.cpp">
      <Filter>Source Files</Filter>
    </ClCompile>
    <ClCompile Include="travel-around-the-world.cpp">
      <Filter>Source Files</Filter>
    </ClCompile>
    <ClCompile Include="tutorial-intro.cpp">
      <Filter>Source Files</Filter>
    </ClCompile>
    <ClCompile Include="two-arrays.cpp">
      <Filter>Source Files</Filter>
    </ClCompile>
    <ClCompile Include="volleyball-match.cpp">
      <Filter>Source Files</Filter>
    </ClCompile>
    <ClCompile Include="angry-children.cpp">
      <Filter>Source Files</Filter>
    </ClCompile>
    <ClCompile Include="chocolate-feast.cpp">
      <Filter>Source Files</Filter>
    </ClCompile>
    <ClCompile Include="filling-jars.cpp">
      <Filter>Source Files</Filter>
    </ClCompile>
    <ClCompile Include="is-fibo.cpp">
      <Filter>Source Files</Filter>
    </ClCompile>
    <ClCompile Include="service-lane.cpp">
      <Filter>Source Files</Filter>
    </ClCompile>
    <ClCompile Include="sherlock-and-the-beast.cpp">
      <Filter>Source Files</Filter>
    </ClCompile>
    <ClCompile Include="utopian-tree.cpp">
      <Filter>Source Files</Filter>
    </ClCompile>
    <ClCompile Include="palindrome-index.cpp">
      <Filter>Source Files</Filter>
    </ClCompile>
    <ClCompile Include="crush.cpp">
      <Filter>Source Files</Filter>
    </ClCompile>
    <ClCompile Include="solve-me-first.cpp">
      <Filter>Source Files</Filter>
    </ClCompile>
    <ClCompile Include="lucy-and-flowers.cpp">
      <Filter>Source Files</Filter>
    </ClCompile>
    <ClCompile Include="roy-and-alpha-beta-trees.cpp">
      <Filter>Source Files</Filter>
    </ClCompile>
    <ClCompile Include="two-two.cpp">
      <Filter>Source Files</Filter>
    </ClCompile>
    <ClCompile Include="easy-sum.cpp">
      <Filter>Source Files</Filter>
    </ClCompile>
    <ClCompile Include="possible-path.cpp">
      <Filter>Source Files</Filter>
    </ClCompile>
    <ClCompile Include="spheres.cpp">
      <Filter>Source Files</Filter>
    </ClCompile>
    <ClCompile Include="dance-class.cpp">
      <Filter>Source Files</Filter>
    </ClCompile>
    <ClCompile Include="ichigo-and-revenge.cpp">
      <Filter>Source Files</Filter>
    </ClCompile>
    <ClCompile Include="permutation-problem.cpp">
      <Filter>Source Files</Filter>
    </ClCompile>
    <ClCompile Include="manasa-and-pizza.cpp">
      <Filter>Source Files</Filter>
    </ClCompile>
    <ClCompile Include="bridges-and-harbors.cpp">
      <Filter>Source Files</Filter>
    </ClCompile>
    <ClCompile Include="even-odd-query.cpp">
      <Filter>Source Files</Filter>
    </ClCompile>
    <ClCompile Include="closest-number.cpp">
      <Filter>Source Files</Filter>
    </ClCompile>
    <ClCompile Include="kundu-and-tree.cpp">
      <Filter>Source Files</Filter>
    </ClCompile>
    <ClCompile Include="swappermutation.cpp">
      <Filter>Source Files</Filter>
    </ClCompile>
    <ClCompile Include="jagia-playing-with-numbers.cpp">
      <Filter>Source Files</Filter>
    </ClCompile>
    <ClCompile Include="triplets.cpp">
      <Filter>Source Files</Filter>
    </ClCompile>
    <ClCompile Include="find-point.cpp">
      <Filter>Source Files</Filter>
    </ClCompile>
    <ClCompile Include="game-of-thrones.cpp">
      <Filter>Source Files</Filter>
    </ClCompile>
    <ClCompile Include="icecream-parlor.cpp">
      <Filter>Source Files</Filter>
    </ClCompile>
    <ClCompile Include="computing-analytics.cpp">
      <Filter>Source Files</Filter>
    </ClCompile>
    <ClCompile Include="consistent-salaries.cpp">
      <Filter>Source Files</Filter>
    </ClCompile>
    <ClCompile Include="guessing-numbers.cpp">
      <Filter>Source Files</Filter>
    </ClCompile>
    <ClCompile Include="risk-management.cpp">
      <Filter>Source Files</Filter>
    </ClCompile>
    <ClCompile Include="special-numbers.cpp">
      <Filter>Source Files</Filter>
    </ClCompile>
    <ClCompile Include="upstairs.cpp">
      <Filter>Source Files</Filter>
    </ClCompile>
    <ClCompile Include="yaxis.cpp">
      <Filter>Source Files</Filter>
    </ClCompile>
    <ClCompile Include="acm-icpc-team.cpp">
      <Filter>Source Files</Filter>
    </ClCompile>
    <ClCompile Include="consecutive-subsequences.cpp">
      <Filter>Source Files</Filter>
    </ClCompile>
    <ClCompile Include="minimum-average-waiting-time.cpp">
      <Filter>Source Files</Filter>
    </ClCompile>
    <ClCompile Include="dynamic-summation.cpp">
      <Filter>Source Files</Filter>
    </ClCompile>
    <ClCompile Include="euler001.cpp">
      <Filter>Source Files</Filter>
    </ClCompile>
    <ClCompile Include="die-hard-3.cpp">
      <Filter>Source Files</Filter>
    </ClCompile>
    <ClCompile Include="chocolate-in-box.cpp">
      <Filter>Source Files</Filter>
    </ClCompile>
    <ClCompile Include="string-function-calculation.cpp">
      <Filter>Source Files</Filter>
    </ClCompile>
    <ClCompile Include="cavity-map.cpp">
      <Filter>Source Files</Filter>
    </ClCompile>
    <ClCompile Include="bus-station.cpp">
      <Filter>Source Files</Filter>
    </ClCompile>
    <ClCompile Include="xor-and-sum.cpp">
      <Filter>Source Files</Filter>
    </ClCompile>
    <ClCompile Include="counter-game.cpp">
      <Filter>Source Files</Filter>
    </ClCompile>
    <ClCompile Include="john-and-gcd-list.cpp">
      <Filter>Source Files</Filter>
    </ClCompile>
    <ClCompile Include="gneck.cpp">
      <Filter>Source Files</Filter>
    </ClCompile>
    <ClCompile Include="black-box-1.cpp">
      <Filter>Source Files</Filter>
    </ClCompile>
    <ClCompile Include="reverse-game.cpp">
      <Filter>Source Files</Filter>
    </ClCompile>
    <ClCompile Include="stepping-stones-game.cpp">
      <Filter>Source Files</Filter>
    </ClCompile>
    <ClCompile Include="jim_beam.cpp">
      <Filter>Source Files</Filter>
    </ClCompile>
    <ClCompile Include="akhil-and-gf.cpp">
      <Filter>Source Files</Filter>
    </ClCompile>
    <ClCompile Include="divisibility-of-power.cpp">
      <Filter>Source Files</Filter>
    </ClCompile>
    <ClCompile Include="emma-and-sum-of-products.cpp">
      <Filter>Source Files</Filter>
    </ClCompile>
    <ClCompile Include="matrix-tree.cpp">
      <Filter>Source Files</Filter>
    </ClCompile>
    <ClCompile Include="sansa-and-xor.cpp">
      <Filter>Source Files</Filter>
    </ClCompile>
    <ClCompile Include="lexicographic-steps.cpp">
      <Filter>Source Files</Filter>
    </ClCompile>
    <ClCompile Include="alternating-characters.cpp">
      <Filter>Source Files</Filter>
    </ClCompile>
    <ClCompile Include="cipher.cpp">
      <Filter>Source Files</Filter>
    </ClCompile>
    <ClCompile Include="towers.cpp">
      <Filter>Source Files</Filter>
    </ClCompile>
    <ClCompile Include="robot.cpp">
      <Filter>Source Files</Filter>
    </ClCompile>
    <ClCompile Include="sherlock-and-square.cpp">
      <Filter>Source Files</Filter>
    </ClCompile>
    <ClCompile Include="strange-numbers.cpp">
      <Filter>Source Files</Filter>
    </ClCompile>
    <ClCompile Include="grid-challenge.cpp">
      <Filter>Source Files</Filter>
    </ClCompile>
    <ClCompile Include="tree-pruning.cpp">
      <Filter>Source Files</Filter>
    </ClCompile>
    <ClCompile Include="jim-and-the-jokes.cpp">
      <Filter>Source Files</Filter>
    </ClCompile>
    <ClCompile Include="candles-2.cpp">
      <Filter>Source Files</Filter>
    </ClCompile>
    <ClCompile Include="priyanka-and-toys.cpp">
      <Filter>Source Files</Filter>
    </ClCompile>
    <ClCompile Include="chief-hopper.cpp">
      <Filter>Source Files</Filter>
    </ClCompile>
    <ClCompile Include="favourite-sequence.cpp">
      <Filter>Source Files</Filter>
    </ClCompile>
    <ClCompile Include="taum-and-bday.cpp">
      <Filter>Source Files</Filter>
    </ClCompile>
    <ClCompile Include="sherlock-and-anagrams.cpp">
      <Filter>Source Files</Filter>
    </ClCompile>
    <ClCompile Include="worst-permutation.cpp">
      <Filter>Source Files</Filter>
    </ClCompile>
    <ClCompile Include="number-list.cpp">
      <Filter>Source Files</Filter>
    </ClCompile>
    <ClCompile Include="superman-celebrates-diwali.cpp">
      <Filter>Source Files</Filter>
    </ClCompile>
    <ClCompile Include="subtrees-and-paths.cpp">
      <Filter>Source Files</Filter>
    </ClCompile>
    <ClCompile Include="confused-gorilla.cpp">
      <Filter>Source Files</Filter>
    </ClCompile>
    <ClCompile Include="prime-factorization-2.cpp">
      <Filter>Source Files</Filter>
    </ClCompile>
    <ClCompile Include="discrete-logarithm.cpp">
      <Filter>Source Files</Filter>
    </ClCompile>
    <ClCompile Include="check-gcd.cpp">
      <Filter>Source Files</Filter>
    </ClCompile>
    <ClCompile Include="divisor-ranges.cpp">
      <Filter>Source Files</Filter>
    </ClCompile>
    <ClCompile Include="totient-until-the-end.cpp">
      <Filter>Source Files</Filter>
    </ClCompile>
    <ClCompile Include="fibonacci-gcd-again.cpp">
      <Filter>Source Files</Filter>
    </ClCompile>
  </ItemGroup>
</Project>